
Microsoft Visual Studio Solution File, Format Version 12.00
# Visual Studio Version 17
VisualStudioVersion = 17.11.35327.3
MinimumVisualStudioVersion = 10.0.40219.1
Project("{9A19103F-16F7-4668-BE54-9A1E7A4F7556}") = "EduConnect", "backend\EduConnect.csproj", "{E6DC45B4-F4E4-46CC-9833-A708E97775D4}"
EndProject
Global
	GlobalSection(SolutionConfigurationPlatforms) = preSolution
		Debug|Any CPU = Debug|Any CPU
		Release|Any CPU = Release|Any CPU
	EndGlobalSection
	GlobalSection(ProjectConfigurationPlatforms) = postSolution
		{F6B8D04D-3D35-4281-9DAA-884136CA6B3B}.Debug|Any CPU.ActiveCfg = Debug|Any CPU
		{F6B8D04D-3D35-4281-9DAA-884136CA6B3B}.Debug|Any CPU.Build.0 = Debug|Any CPU
		{F6B8D04D-3D35-4281-9DAA-884136CA6B3B}.Release|Any CPU.ActiveCfg = Release|Any CPU
		{F6B8D04D-3D35-4281-9DAA-884136CA6B3B}.Release|Any CPU.Build.0 = Release|Any CPU
	EndGlobalSection
	GlobalSection(SolutionProperties) = preSolution
		HideSolutionNode = FALSE
	EndGlobalSection
	GlobalSection(ExtensibilityGlobals) = postSolution
		SolutionGuid = {FAB6B5B0-3C39-4CB3-9A45-A673C80500D7}s
	EndGlobalSection
EndGlobal