{
  "name": "rs1-2024-25-educonnect",
  "lockfileVersion": 3,
  "requires": true,
  "packages": {
    "": {
      "dependencies": {
        "bootstrap": "^5.3.3",
        "ng2-file-upload": "^7.0.1",
        "ngx-file-drop": "^16.0.0",
        "signalr": "^2.4.3"
      }
    },
    "node_modules/@angular/common": {
      "version": "18.2.13",
      "resolved": "https://registry.npmjs.org/@angular/common/-/common-18.2.13.tgz",
      "integrity": "sha512-4ZqrNp1PoZo7VNvW+sbSc2CB2axP1sCH2wXl8B0wdjsj8JY1hF1OhuugwhpAHtGxqewed2kCXayE+ZJqSTV4jw==",
      "peer": true,
      "dependencies": {
        "tslib": "^2.3.0"
      },
      "engines": {
        "node": "^18.19.1 || ^20.11.1 || >=22.0.0"
      },
      "peerDependencies": {
        "@angular/core": "18.2.13",
        "rxjs": "^6.5.3 || ^7.4.0"
      }
    },
    "node_modules/@angular/core": {
      "version": "18.2.13",
      "resolved": "https://registry.npmjs.org/@angular/core/-/core-18.2.13.tgz",
      "integrity": "sha512-8mbWHMgO95OuFV1Ejy4oKmbe9NOJ3WazQf/f7wks8Bck7pcihd0IKhlPBNjFllbF5o+04EYSwFhEtvEgjMDClA==",
      "peer": true,
      "dependencies": {
        "tslib": "^2.3.0"
      },
      "engines": {
        "node": "^18.19.1 || ^20.11.1 || >=22.0.0"
      },
      "peerDependencies": {
        "rxjs": "^6.5.3 || ^7.4.0",
        "zone.js": "~0.14.10"
      }
    },
    "node_modules/@popperjs/core": {
      "version": "2.11.8",
      "resolved": "https://registry.npmjs.org/@popperjs/core/-/core-2.11.8.tgz",
      "integrity": "sha512-P1st0aksCrn9sGZhp8GMYwBnQsbvAWsZAX44oXNNvLHGqAOcoVxmjZiohstwQ7SqKnbR47akdNi+uleWD8+g6A==",
      "peer": true,
      "funding": {
        "type": "opencollective",
        "url": "https://opencollective.com/popperjs"
      }
    },
    "node_modules/bootstrap": {
      "version": "5.3.3",
      "resolved": "https://registry.npmjs.org/bootstrap/-/bootstrap-5.3.3.tgz",
      "integrity": "sha512-8HLCdWgyoMguSO9o+aH+iuZ+aht+mzW0u3HIMzVu7Srrpv7EBBxTnrFlSCskwdY1+EOFQSm7uMJhNQHkdPcmjg==",
      "funding": [
        {
          "type": "github",
          "url": "https://github.com/sponsors/twbs"
        },
        {
          "type": "opencollective",
          "url": "https://opencollective.com/bootstrap"
        }
      ],
      "peerDependencies": {
        "@popperjs/core": "^2.11.8"
      }
    },
    "node_modules/jquery": {
      "version": "3.7.1",
      "resolved": "https://registry.npmjs.org/jquery/-/jquery-3.7.1.tgz",
      "integrity": "sha512-m4avr8yL8kmFN8psrbFFFmB/If14iN5o9nw/NgnnM+kybDJpRsAynV2BsfpTYrTRysYUdADVD7CkUUizgkpLfg=="
    },
    "node_modules/ng2-file-upload": {
      "version": "7.0.1",
      "resolved": "https://registry.npmjs.org/ng2-file-upload/-/ng2-file-upload-7.0.1.tgz",
      "integrity": "sha512-qqJRzdRehYn6IQyr49qzW4Z3FYYr2ehq/vcn2K933Xf4kxJwhkzWObzJMEDYzhORoTndt+BYfVBNKmN4wjZkyw==",
      "dependencies": {
        "tslib": "^2.3.0"
      },
      "peerDependencies": {
        "@angular/common": "^18.0.0",
        "@angular/core": "^18.0.0"
      }
    },
    "node_modules/ngx-file-drop": {
      "version": "16.0.0",
      "resolved": "https://registry.npmjs.org/ngx-file-drop/-/ngx-file-drop-16.0.0.tgz",
      "integrity": "sha512-33RPoZBAiMkV110Rzu3iOrzGcG5M20S4sAiwLzNylfJobu9qVw5XR83FhUelSeqJRoaDxXBRKAozYCSnUf2CNw==",
      "dependencies": {
        "tslib": "^2.3.0"
      },
      "engines": {
        "node": ">= 14.5.0",
        "npm": ">= 6.9.0"
      },
      "peerDependencies": {
        "@angular/common": ">=14.0.0",
        "@angular/core": ">=14.0.0"
      }
    },
    "node_modules/rxjs": {
      "version": "7.8.1",
      "resolved": "https://registry.npmjs.org/rxjs/-/rxjs-7.8.1.tgz",
      "integrity": "sha512-AA3TVj+0A2iuIoQkWEK/tqFjBq2j+6PO6Y0zJcvzLAFhEFIO3HL0vls9hWLncZbAAbK0mar7oZ4V079I/qPMxg==",
      "peer": true,
      "dependencies": {
        "tslib": "^2.1.0"
      }
    },
    "node_modules/signalr": {
      "version": "2.4.3",
      "resolved": "https://registry.npmjs.org/signalr/-/signalr-2.4.3.tgz",
      "integrity": "sha512-RbBKFVCZvDgyyxZDeu6Yck9T+diZO07GB0bDiKondUhBY1H8JRQSOq8R0pLkf47ddllQAssYlp7ckQAeom24mw==",
      "dependencies": {
        "jquery": ">=1.6.4"
      }
    },
    "node_modules/tslib": {
      "version": "2.8.1",
      "resolved": "https://registry.npmjs.org/tslib/-/tslib-2.8.1.tgz",
      "integrity": "sha512-oJFu94HQb+KVduSUQL7wnpmqnfmLsOA/nAh6b6EH0wCEoK0/mPeXU6c3wKDV83MkOuHPRHtSXKKU99IBazS/2w=="
    },
    "node_modules/zone.js": {
      "version": "0.14.10",
      "resolved": "https://registry.npmjs.org/zone.js/-/zone.js-0.14.10.tgz",
      "integrity": "sha512-YGAhaO7J5ywOXW6InXNlLmfU194F8lVgu7bRntUF3TiG8Y3nBK0x1UJJuHUP/e8IyihkjCYqhCScpSwnlaSRkQ==",
      "peer": true
    }
  }
}
